// !$*UTF8*$!
{
	archiveVersion = 1;
	classes = {
	};
	objectVersion = 46;
	objects = {

/* Begin PBXBuildFile section */
		224F3F3D1A003A8500F9FB96 /* Cle.swift in Sources */ = {isa = PBXBuildFile; fileRef = 224F3F3C1A003A8500F9FB96 /* Cle.swift */; };
		B541641219C497000082A37B /* AppDelegate.swift in Sources */ = {isa = PBXBuildFile; fileRef = B541641119C497000082A37B /* AppDelegate.swift */; };
		B541641419C497000082A37B /* ViewController.swift in Sources */ = {isa = PBXBuildFile; fileRef = B541641319C497000082A37B /* ViewController.swift */; };
		B541641719C497000082A37B /* Main.storyboard in Resources */ = {isa = PBXBuildFile; fileRef = B541641519C497000082A37B /* Main.storyboard */; };
		B541641919C497000082A37B /* Images.xcassets in Resources */ = {isa = PBXBuildFile; fileRef = B541641819C497000082A37B /* Images.xcassets */; };
		B541641C19C497000082A37B /* LaunchScreen.xib in Resources */ = {isa = PBXBuildFile; fileRef = B541641A19C497000082A37B /* LaunchScreen.xib */; };
		B58788B519C4983000414516 /* tomato1.png in Resources */ = {isa = PBXBuildFile; fileRef = B58788B319C4983000414516 /* tomato1.png */; };
		B58788B619C4983000414516 /* loading.gif in Resources */ = {isa = PBXBuildFile; fileRef = B58788B419C4983000414516 /* loading.gif */; };
		B58788B919C49C0600414516 /* DetailFilmViewController.swift in Sources */ = {isa = PBXBuildFile; fileRef = B58788B819C49C0600414516 /* DetailFilmViewController.swift */; };
		B58788BB19C4A6DC00414516 /* CelluleRotten.swift in Sources */ = {isa = PBXBuildFile; fileRef = B58788BA19C4A6DC00414516 /* CelluleRotten.swift */; };
/* End PBXBuildFile section */

/* Begin PBXFileReference section */
		224F3F3C1A003A8500F9FB96 /* Cle.swift */ = {isa = PBXFileReference; fileEncoding = 4; lastKnownFileType = sourcecode.swift; path = Cle.swift; sourceTree = "<group>"; };
		B541640C19C497000082A37B /* Projet - RottenTomatoes version swift.app */ = {isa = PBXFileReference; explicitFileType = wrapper.application; includeInIndex = 0; path = "Projet - RottenTomatoes version swift.app"; sourceTree = BUILT_PRODUCTS_DIR; };
		B541641019C497000082A37B /* Info.plist */ = {isa = PBXFileReference; lastKnownFileType = text.plist.xml; path = Info.plist; sourceTree = "<group>"; };
		B541641119C497000082A37B /* AppDelegate.swift */ = {isa = PBXFileReference; lastKnownFileType = sourcecode.swift; path = AppDelegate.swift; sourceTree = "<group>"; };
		B541641319C497000082A37B /* ViewController.swift */ = {isa = PBXFileReference; lastKnownFileType = sourcecode.swift; path = ViewController.swift; sourceTree = "<group>"; };
		B541641619C497000082A37B /* Base */ = {isa = PBXFileReference; lastKnownFileType = file.storyboard; name = Base; path = Base.lproj/Main.storyboard; sourceTree = "<group>"; };
		B541641819C497000082A37B /* Images.xcassets */ = {isa = PBXFileReference; lastKnownFileType = folder.assetcatalog; path = Images.xcassets; sourceTree = "<group>"; };
		B541641B19C497000082A37B /* Base */ = {isa = PBXFileReference; lastKnownFileType = file.xib; name = Base; path = Base.lproj/LaunchScreen.xib; sourceTree = "<group>"; };
		B58788B319C4983000414516 /* tomato1.png */ = {isa = PBXFileReference; lastKnownFileType = image.png; path = tomato1.png; sourceTree = "<group>"; };
		B58788B419C4983000414516 /* loading.gif */ = {isa = PBXFileReference; lastKnownFileType = image.gif; path = loading.gif; sourceTree = "<group>"; };
		B58788B819C49C0600414516 /* DetailFilmViewController.swift */ = {isa = PBXFileReference; fileEncoding = 4; lastKnownFileType = sourcecode.swift; path = DetailFilmViewController.swift; sourceTree = "<group>"; };
		B58788BA19C4A6DC00414516 /* CelluleRotten.swift */ = {isa = PBXFileReference; fileEncoding = 4; lastKnownFileType = sourcecode.swift; path = CelluleRotten.swift; sourceTree = "<group>"; };
/* End PBXFileReference section */

/* Begin PBXFrameworksBuildPhase section */
		B541640919C497000082A37B /* Frameworks */ = {
			isa = PBXFrameworksBuildPhase;
			buildActionMask = 2147483647;
			files = (
			);
			runOnlyForDeploymentPostprocessing = 0;
		};
/* End PBXFrameworksBuildPhase section */

/* Begin PBXGroup section */
		B541640319C497000082A37B = {
			isa = PBXGroup;
			children = (
				B541640E19C497000082A37B /* Projet - RottenTomatoes version swift */,
				B541640D19C497000082A37B /* Products */,
			);
			sourceTree = "<group>";
		};
		B541640D19C497000082A37B /* Products */ = {
			isa = PBXGroup;
			children = (
				B541640C19C497000082A37B /* Projet - RottenTomatoes version swift.app */,
			);
			name = Products;
			sourceTree = "<group>";
		};
		B541640E19C497000082A37B /* Projet - RottenTomatoes version swift */ = {
			isa = PBXGroup;
			children = (
				B58788B119C4981700414516 /* Ressources */,
				B541641119C497000082A37B /* AppDelegate.swift */,
				B541641519C497000082A37B /* Main.storyboard */,
				B541641819C497000082A37B /* Images.xcassets */,
				B541641A19C497000082A37B /* LaunchScreen.xib */,
				B541640F19C497000082A37B /* Supporting Files */,
			);
			path = "Projet - RottenTomatoes version swift";
			sourceTree = "<group>";
		};
		B541640F19C497000082A37B /* Supporting Files */ = {
			isa = PBXGroup;
			children = (
				B541641019C497000082A37B /* Info.plist */,
			);
			name = "Supporting Files";
			sourceTree = "<group>";
		};
		B58788B119C4981700414516 /* Ressources */ = {
			isa = PBXGroup;
			children = (
				B58788B719C49BCD00414516 /* Les classes */,
				B58788B219C4982100414516 /* Images */,
			);
			name = Ressources;
			sourceTree = "<group>";
		};
		B58788B219C4982100414516 /* Images */ = {
			isa = PBXGroup;
			children = (
				B58788B319C4983000414516 /* tomato1.png */,
				B58788B419C4983000414516 /* loading.gif */,
			);
			name = Images;
			sourceTree = "<group>";
		};
		B58788B719C49BCD00414516 /* Les classes */ = {
			isa = PBXGroup;
			children = (
				B541641319C497000082A37B /* ViewController.swift */,
				B58788B819C49C0600414516 /* DetailFilmViewController.swift */,
				B58788BA19C4A6DC00414516 /* CelluleRotten.swift */,
				224F3F3C1A003A8500F9FB96 /* Cle.swift */,
			);
			name = "Les classes";
			sourceTree = "<group>";
		};
/* End PBXGroup section */

/* Begin PBXNativeTarget section */
		B541640B19C497000082A37B /* Projet - RottenTomatoes version swift */ = {
			isa = PBXNativeTarget;
			buildConfigurationList = B541642B19C497000082A37B /* Build configuration list for PBXNativeTarget "Projet - RottenTomatoes version swift" */;
			buildPhases = (
				B541640819C497000082A37B /* Sources */,
				B541640919C497000082A37B /* Frameworks */,
				B541640A19C497000082A37B /* Resources */,
			);
			buildRules = (
			);
			dependencies = (
			);
			name = "Projet - RottenTomatoes version swift";
			productName = "Projet - RottenTomatoes version swift";
			productReference = B541640C19C497000082A37B /* Projet - RottenTomatoes version swift.app */;
			productType = "com.apple.product-type.application";
		};
/* End PBXNativeTarget section */

/* Begin PBXProject section */
		B541640419C497000082A37B /* Project object */ = {
			isa = PBXProject;
			attributes = {
				LastUpgradeCheck = 0600;
				ORGANIZATIONNAME = Alain;
				TargetAttributes = {
					B541640B19C497000082A37B = {
						CreatedOnToolsVersion = 6.0;
					};
				};
			};
			buildConfigurationList = B541640719C497000082A37B /* Build configuration list for PBXProject "Projet - RottenTomatoes version swift" */;
			compatibilityVersion = "Xcode 3.2";
			developmentRegion = English;
			hasScannedForEncodings = 0;
			knownRegions = (
				en,
				Base,
			);
			mainGroup = B541640319C497000082A37B;
			productRefGroup = B541640D19C497000082A37B /* Products */;
			projectDirPath = "";
			projectRoot = "";
			targets = (
				B541640B19C497000082A37B /* Projet - RottenTomatoes version swift */,
			);
		};
/* End PBXProject section */

/* Begin PBXResourcesBuildPhase section */
		B541640A19C497000082A37B /* Resources */ = {
			isa = PBXResourcesBuildPhase;
			buildActionMask = 2147483647;
			files = (
				B541641719C497000082A37B /* Main.storyboard in Resources */,
				B541641C19C497000082A37B /* LaunchScreen.xib in Resources */,
				B58788B619C4983000414516 /* loading.gif in Resources */,
				B541641919C497000082A37B /* Images.xcassets in Resources */,
				B58788B519C4983000414516 /* tomato1.png in Resources */,
			);
			runOnlyForDeploymentPostprocessing = 0;
		};
/* End PBXResourcesBuildPhase section */

/* Begin PBXSourcesBuildPhase section */
		B541640819C497000082A37B /* Sources */ = {
			isa = PBXSourcesBuildPhase;
			buildActionMask = 2147483647;
			files = (
				B58788BB19C4A6DC00414516 /* CelluleRotten.swift in Sources */,
				224F3F3D1A003A8500F9FB96 /* Cle.swift in Sources */,
				B541641419C497000082A37B /* ViewController.swift in Sources */,
				B58788B919C49C0600414516 /* DetailFilmViewController.swift in Sources */,
				B541641219C497000082A37B /* AppDelegate.swift in Sources */,
			);
			runOnlyForDeploymentPostprocessing = 0;
		};
/* End PBXSourcesBuildPhase section */

/* Begin PBXVariantGroup section */
		B541641519C497000082A37B /* Main.storyboard */ = {
			isa = PBXVariantGroup;
			children = (
				B541641619C497000082A37B /* Base */,
			);
			name = Main.storyboard;
			sourceTree = "<group>";
		};
		B541641A19C497000082A37B /* LaunchScreen.xib */ = {
			isa = PBXVariantGroup;
			children = (
				B541641B19C497000082A37B /* Base */,
			);
			name = LaunchScreen.xib;
			sourceTree = "<group>";
		};
/* End PBXVariantGroup section */

/* Begin XCBuildConfiguration section */
		B541642919C497000082A37B /* Debug */ = {
			isa = XCBuildConfiguration;
			buildSettings = {
				ALWAYS_SEARCH_USER_PATHS = NO;
				CLANG_CXX_LANGUAGE_STANDARD = "gnu++0x";
				CLANG_CXX_LIBRARY = "libc++";
				CLANG_ENABLE_MODULES = YES;
				CLANG_ENABLE_OBJC_ARC = YES;
				CLANG_WARN_BOOL_CONVERSION = YES;
				CLANG_WARN_CONSTANT_CONVERSION = YES;
				CLANG_WARN_DIRECT_OBJC_ISA_USAGE = YES_ERROR;
				CLANG_WARN_EMPTY_BODY = YES;
				CLANG_WARN_ENUM_CONVERSION = YES;
				CLANG_WARN_INT_CONVERSION = YES;
				CLANG_WARN_OBJC_ROOT_CLASS = YES_ERROR;
				CLANG_WARN_UNREACHABLE_CODE = YES;
				CLANG_WARN__DUPLICATE_METHOD_MATCH = YES;
				"CODE_SIGN_IDENTITY[sdk=iphoneos*]" = "iPhone Developer";
				COPY_PHASE_STRIP = NO;
				ENABLE_STRICT_OBJC_MSGSEND = YES;
				GCC_C_LANGUAGE_STANDARD = gnu99;
				GCC_DYNAMIC_NO_PIC = NO;
				GCC_OPTIMIZATION_LEVEL = 0;
				GCC_PREPROCESSOR_DEFINITIONS = (
					"DEBUG=1",
					"$(inherited)",
				);
				GCC_SYMBOLS_PRIVATE_EXTERN = NO;
				GCC_WARN_64_TO_32_BIT_CONVERSION = YES;
				GCC_WARN_ABOUT_RETURN_TYPE = YES_ERROR;
				GCC_WARN_UNDECLARED_SELECTOR = YES;
				GCC_WARN_UNINITIALIZED_AUTOS = YES_AGGRESSIVE;
				GCC_WARN_UNUSED_FUNCTION = YES;
				GCC_WARN_UNUSED_VARIABLE = YES;
				IPHONEOS_DEPLOYMENT_TARGET = 8.0;
				MTL_ENABLE_DEBUG_INFO = YES;
				ONLY_ACTIVE_ARCH = YES;
				SDKROOT = iphoneos;
				SWIFT_OPTIMIZATION_LEVEL = "-Onone";
				TARGETED_DEVICE_FAMILY = 2;
			};
			name = Debug;
		};
		B541642A19C497000082A37B /* Release */ = {
			isa = XCBuildConfiguration;
			buildSettings = {
				ALWAYS_SEARCH_USER_PATHS = NO;
				CLANG_CXX_LANGUAGE_STANDARD = "gnu++0x";
				CLANG_CXX_LIBRARY = "libc++";
				CLANG_ENABLE_MODULES = YES;
				CLANG_ENABLE_OBJC_ARC = YES;
				CLANG_WARN_BOOL_CONVERSION = YES;
				CLANG_WARN_CONSTANT_CONVERSION = YES;
				CLANG_WARN_DIRECT_OBJC_ISA_USAGE = YES_ERROR;
				CLANG_WARN_EMPTY_BODY = YES;
				CLANG_WARN_ENUM_CONVERSION = YES;
				CLANG_WARN_INT_CONVERSION = YES;
				CLANG_WARN_OBJC_ROOT_CLASS = YES_ERROR;
				CLANG_WARN_UNREACHABLE_CODE = YES;
				CLANG_WARN__DUPLICATE_METHOD_MATCH = YES;
				"CODE_SIGN_IDENTITY[sdk=iphoneos*]" = "iPhone Developer";
				COPY_PHASE_STRIP = YES;
				ENABLE_NS_ASSERTIONS = NO;
				ENABLE_STRICT_OBJC_MSGSEND = YES;
				GCC_C_LANGUAGE_STANDARD = gnu99;
				GCC_WARN_64_TO_32_BIT_CONVERSION = YES;
				GCC_WARN_ABOUT_RETURN_TYPE = YES_ERROR;
				GCC_WARN_UNDECLARED_SELECTOR = YES;
				GCC_WARN_UNINITIALIZED_AUTOS = YES_AGGRESSIVE;
				GCC_WARN_UNUSED_FUNCTION = YES;
				GCC_WARN_UNUSED_VARIABLE = YES;
				IPHONEOS_DEPLOYMENT_TARGET = 8.0;
				MTL_ENABLE_DEBUG_INFO = NO;
				SDKROOT = iphoneos;
				TARGETED_DEVICE_FAMILY = 2;
				VALIDATE_PRODUCT = YES;
			};
			name = Release;
		};
		B541642C19C497000082A37B /* Debug */ = {
			isa = XCBuildConfiguration;
			buildSettings = {
				ASSETCATALOG_COMPILER_APPICON_NAME = AppIcon;
				INFOPLIST_FILE = "Projet - RottenTomatoes version swift/Info.plist";
				LD_RUNPATH_SEARCH_PATHS = "$(inherited) @executable_path/Frameworks";
				PRODUCT_NAME = "$(TARGET_NAME)";
			};
			name = Debug;
		};
		B541642D19C497000082A37B /* Release */ = {
			isa = XCBuildConfiguration;
			buildSettings = {
				ASSETCATALOG_COMPILER_APPICON_NAME = AppIcon;
				INFOPLIST_FILE = "Projet - RottenTomatoes version swift/Info.plist";
				LD_RUNPATH_SEARCH_PATHS = "$(inherited) @executable_path/Frameworks";
				PRODUCT_NAME = "$(TARGET_NAME)";
			};
			name = Release;
		};
/* End XCBuildConfiguration section */

/* Begin XCConfigurationList section */
		B541640719C497000082A37B /* Build configuration list for PBXProject "Projet - RottenTomatoes version swift" */ = {
			isa = XCConfigurationList;
			buildConfigurations = (
				B541642919C497000082A37B /* Debug */,
				B541642A19C497000082A37B /* Release */,
			);
			defaultConfigurationIsVisible = 0;
			defaultConfigurationName = Release;
		};
		B541642B19C497000082A37B /* Build configuration list for PBXNativeTarget "Projet - RottenTomatoes version swift" */ = {
			isa = XCConfigurationList;
			buildConfigurations = (
				B541642C19C497000082A37B /* Debug */,
				B541642D19C497000082A37B /* Release */,
			);
			defaultConfigurationIsVisible = 0;
			defaultConfigurationName = Release;
		};
/* End XCConfigurationList section */
	};
	rootObject = B541640419C497000082A37B /* Project object */;
}
